
Microsoft Visual Studio Solution File, Format Version 12.00
# Visual Studio Version 16
VisualStudioVersion = 16.0.29025.244
MinimumVisualStudioVersion = 10.0.40219.1
Project("{FAE04EC0-301F-11D3-BF4B-00C04F79EFBC}") = "FluentWPF", "FluentWPF\FluentWPF.csproj", "{061B1DD9-815B-437F-8CD6-D20923BC0AF4}"
EndProject
Project("{2150E333-8FDC-42A3-9474-1A3956D46DE8}") = "Sample", "Sample", "{6FD229DB-B096-4A05-A025-88D06AE274B9}"
EndProject
Project("{FAE04EC0-301F-11D3-BF4B-00C04F79EFBC}") = "FluentWPFSample", "Sample\FluentWPFSample\FluentWPFSample.csproj", "{CCAC5625-C8EE-49C5-8407-ACC8289CCC81}"
EndProject
Project("{2150E333-8FDC-42A3-9474-1A3956D46DE8}") = "Nuget", "Nuget", "{76CF6319-C5D3-48EF-97AA-25BD04543DE1}"
	ProjectSection(SolutionItems) = preProject
		Nuget\pack.bat = Nuget\pack.bat
	EndProjectSection
EndProject
Project("{9A19103F-16F7-4668-BE54-9A1E7A4F7556}") = "NetCoreSample", "Sample\NetCoreSample\NetCoreSample.csproj", "{4E60C7EA-CC99-4D22-AE70-4461015C10E5}"
EndProject
Project("{2150E333-8FDC-42A3-9474-1A3956D46DE8}") = "Src", "Src", "{58EF7FB4-F3DC-4F7C-B9AE-6687B6BBF942}"
EndProject
Project("{9A19103F-16F7-4668-BE54-9A1E7A4F7556}") = "FluentWPF.Core", "FluentWPF.Core\FluentWPF.Core.csproj", "{B5A5422C-39E4-4EFE-8D75-8746D7298E7B}"
EndProject
Global
	GlobalSection(SolutionConfigurationPlatforms) = preSolution
		Debug|Any CPU = Debug|Any CPU
		Release|Any CPU = Release|Any CPU
	EndGlobalSection
	GlobalSection(ProjectConfigurationPlatforms) = postSolution
		{061B1DD9-815B-437F-8CD6-D20923BC0AF4}.Debug|Any CPU.ActiveCfg = Debug|Any CPU
		{061B1DD9-815B-437F-8CD6-D20923BC0AF4}.Debug|Any CPU.Build.0 = Debug|Any CPU
		{061B1DD9-815B-437F-8CD6-D20923BC0AF4}.Release|Any CPU.ActiveCfg = Release|Any CPU
		{061B1DD9-815B-437F-8CD6-D20923BC0AF4}.Release|Any CPU.Build.0 = Release|Any CPU
		{CCAC5625-C8EE-49C5-8407-ACC8289CCC81}.Debug|Any CPU.ActiveCfg = Debug|Any CPU
		{CCAC5625-C8EE-49C5-8407-ACC8289CCC81}.Debug|Any CPU.Build.0 = Debug|Any CPU
		{CCAC5625-C8EE-49C5-8407-ACC8289CCC81}.Release|Any CPU.ActiveCfg = Release|Any CPU
		{CCAC5625-C8EE-49C5-8407-ACC8289CCC81}.Release|Any CPU.Build.0 = Release|Any CPU
		{4E60C7EA-CC99-4D22-AE70-4461015C10E5}.Debug|Any CPU.ActiveCfg = Debug|Any CPU
		{4E60C7EA-CC99-4D22-AE70-4461015C10E5}.Debug|Any CPU.Build.0 = Debug|Any CPU
		{4E60C7EA-CC99-4D22-AE70-4461015C10E5}.Release|Any CPU.ActiveCfg = Release|Any CPU
		{4E60C7EA-CC99-4D22-AE70-4461015C10E5}.Release|Any CPU.Build.0 = Release|Any CPU
		{B5A5422C-39E4-4EFE-8D75-8746D7298E7B}.Debug|Any CPU.ActiveCfg = Debug|Any CPU
		{B5A5422C-39E4-4EFE-8D75-8746D7298E7B}.Debug|Any CPU.Build.0 = Debug|Any CPU
		{B5A5422C-39E4-4EFE-8D75-8746D7298E7B}.Release|Any CPU.ActiveCfg = Release|Any CPU
		{B5A5422C-39E4-4EFE-8D75-8746D7298E7B}.Release|Any CPU.Build.0 = Release|Any CPU
	EndGlobalSection
	GlobalSection(SolutionProperties) = preSolution
		HideSolutionNode = FALSE
	EndGlobalSection
	GlobalSection(NestedProjects) = preSolution
		{061B1DD9-815B-437F-8CD6-D20923BC0AF4} = {58EF7FB4-F3DC-4F7C-B9AE-6687B6BBF942}
		{CCAC5625-C8EE-49C5-8407-ACC8289CCC81} = {6FD229DB-B096-4A05-A025-88D06AE274B9}
		{4E60C7EA-CC99-4D22-AE70-4461015C10E5} = {6FD229DB-B096-4A05-A025-88D06AE274B9}
		{B5A5422C-39E4-4EFE-8D75-8746D7298E7B} = {58EF7FB4-F3DC-4F7C-B9AE-6687B6BBF942}
	EndGlobalSection
	GlobalSection(ExtensibilityGlobals) = postSolution
		SolutionGuid = {A49C6839-A849-4719-89B6-92764F42D65B}
	EndGlobalSection
EndGlobal
